
Microsoft Visual Studio Solution File, Format Version 12.00
# Visual Studio Version 17
VisualStudioVersion = 17.6.33829.357
MinimumVisualStudioVersion = 10.0.40219.1
Project("{FAE04EC0-301F-11D3-BF4B-00C04F79EFBC}") = "Lab_1", "Lab_1\Lab_1.csproj", "{8D57BA97-4B91-4162-9E27-449939805A0E}"
EndProject
Global
	GlobalSection(SolutionConfigurationPlatforms) = preSolution
		Debug|Any CPU = Debug|Any CPU
		Release|Any CPU = Release|Any CPU
	EndGlobalSection
	GlobalSection(ProjectConfigurationPlatforms) = postSolution
		{8D57BA97-4B91-4162-9E27-449939805A0E}.Debug|Any CPU.ActiveCfg = Debug|Any CPU
		{8D57BA97-4B91-4162-9E27-449939805A0E}.Debug|Any CPU.Build.0 = Debug|Any CPU
		{8D57BA97-4B91-4162-9E27-449939805A0E}.Release|Any CPU.ActiveCfg = Release|Any CPU
		{8D57BA97-4B91-4162-9E27-449939805A0E}.Release|Any CPU.Build.0 = Release|Any CPU
	EndGlobalSection
	GlobalSection(SolutionProperties) = preSolution
		HideSolutionNode = FALSE
	EndGlobalSection
	GlobalSection(ExtensibilityGlobals) = postSolution
		SolutionGuid = {637ECD59-A301-4989-B8B7-86E2A26ACC51}
	EndGlobalSection
EndGlobal
